// !$*UTF8*$!
{
	archiveVersion = 1;
	classes = {
	};
	objectVersion = 56;
	objects = {

/* Begin PBXBuildFile section */
		2B0794372BD2B135001BC073 /* StackViewType.swift in Sources */ = {isa = PBXBuildFile; fileRef = 2B0794362BD2B135001BC073 /* StackViewType.swift */; };
		2B0794392BD2B526001BC073 /* PokemonLibraryView.swift in Sources */ = {isa = PBXBuildFile; fileRef = 2B0794382BD2B526001BC073 /* PokemonLibraryView.swift */; };
		2B07943B2BD2B52D001BC073 /* PokemonTierView.swift in Sources */ = {isa = PBXBuildFile; fileRef = 2B07943A2BD2B52D001BC073 /* PokemonTierView.swift */; };
		2B07943D2BD2B539001BC073 /* PokemonCounterTypeView.swift in Sources */ = {isa = PBXBuildFile; fileRef = 2B07943C2BD2B539001BC073 /* PokemonCounterTypeView.swift */; };
		2B07943F2BD2BBCD001BC073 /* PokemonLibraryItem.swift in Sources */ = {isa = PBXBuildFile; fileRef = 2B07943E2BD2BBCD001BC073 /* PokemonLibraryItem.swift */; };
		2B0794422BD2BC95001BC073 /* Kingfisher in Frameworks */ = {isa = PBXBuildFile; productRef = 2B0794412BD2BC95001BC073 /* Kingfisher */; };
		2B0794442BD521D4001BC073 /* PokemonDetailView.swift in Sources */ = {isa = PBXBuildFile; fileRef = 2B0794432BD521D4001BC073 /* PokemonDetailView.swift */; };
		2B07944A2BD8FA72001BC073 /* SearchBar.swift in Sources */ = {isa = PBXBuildFile; fileRef = 2B0794492BD8FA72001BC073 /* SearchBar.swift */; };
		2B07944D2BDFB08F001BC073 /* SwiftSoup in Frameworks */ = {isa = PBXBuildFile; productRef = 2B07944C2BDFB08F001BC073 /* SwiftSoup */; };
		2B2B2F6C2BF749D200F53E3C /* Localize.swift in Sources */ = {isa = PBXBuildFile; fileRef = 2B2B2F6B2BF749D200F53E3C /* Localize.swift */; };
		2B2B2F712C0488A400F53E3C /* PokemonImageView.swift in Sources */ = {isa = PBXBuildFile; fileRef = 2B2B2F702C0488A400F53E3C /* PokemonImageView.swift */; };
		2B4D855D2BE65EEB00A8B778 /* BattleLeague.swift in Sources */ = {isa = PBXBuildFile; fileRef = 2B4D855C2BE65EEB00A8B778 /* BattleLeague.swift */; };
		2B4D855F2BE6652B00A8B778 /* BattleLeagueType.swift in Sources */ = {isa = PBXBuildFile; fileRef = 2B4D855E2BE6652B00A8B778 /* BattleLeagueType.swift */; };
		2B4D85632BE90D1900A8B778 /* PokemonBattleTierView.swift in Sources */ = {isa = PBXBuildFile; fileRef = 2B4D85622BE90D1900A8B778 /* PokemonBattleTierView.swift */; };
		2B4D85652BF2475300A8B778 /* SegmentedControlView.swift in Sources */ = {isa = PBXBuildFile; fileRef = 2B4D85642BF2475300A8B778 /* SegmentedControlView.swift */; };
		2B57C61E2C42A1EE003BA856 /* PokemonTier.swift in Sources */ = {isa = PBXBuildFile; fileRef = 2B57C61D2C42A1EE003BA856 /* PokemonTier.swift */; };
		2BA206C12BB4508400AA3C2F /* PokemonGoLibraryApp.swift in Sources */ = {isa = PBXBuildFile; fileRef = 2BA206C02BB4508400AA3C2F /* PokemonGoLibraryApp.swift */; };
		2BA206C32BB4508400AA3C2F /* ContentView.swift in Sources */ = {isa = PBXBuildFile; fileRef = 2BA206C22BB4508400AA3C2F /* ContentView.swift */; };
		2BA206C52BB4508700AA3C2F /* Assets.xcassets in Resources */ = {isa = PBXBuildFile; fileRef = 2BA206C42BB4508700AA3C2F /* Assets.xcassets */; };
		2BA206C82BB4508700AA3C2F /* Preview Assets.xcassets in Resources */ = {isa = PBXBuildFile; fileRef = 2BA206C72BB4508700AA3C2F /* Preview Assets.xcassets */; };
		2BA206CF2BB4509D00AA3C2F /* DataModel.swift in Sources */ = {isa = PBXBuildFile; fileRef = 2BA206CE2BB4509D00AA3C2F /* DataModel.swift */; };
		2BA206D12BB4555600AA3C2F /* PokemonGoManager.swift in Sources */ = {isa = PBXBuildFile; fileRef = 2BA206D02BB4555600AA3C2F /* PokemonGoManager.swift */; };
		2BA206D32BB4684E00AA3C2F /* Pokemon.swift in Sources */ = {isa = PBXBuildFile; fileRef = 2BA206D22BB4684E00AA3C2F /* Pokemon.swift */; };
		2BAE5DC62C0F4B8D007D4B6C /* TypeIcon.swift in Sources */ = {isa = PBXBuildFile; fileRef = 2BAE5DC52C0F4B8D007D4B6C /* TypeIcon.swift */; };
		2BAE5DC82C0F4ED6007D4B6C /* PokemonTypes.swift in Sources */ = {isa = PBXBuildFile; fileRef = 2BAE5DC72C0F4ED6007D4B6C /* PokemonTypes.swift */; };
		2BAE5DCB2C0F518A007D4B6C /* Color.swift in Sources */ = {isa = PBXBuildFile; fileRef = 2BAE5DCA2C0F518A007D4B6C /* Color.swift */; };
		2BAE5DCD2C0F5B80007D4B6C /* BattleTierCell.swift in Sources */ = {isa = PBXBuildFile; fileRef = 2BAE5DCC2C0F5B80007D4B6C /* BattleTierCell.swift */; };
/* End PBXBuildFile section */

/* Begin PBXFileReference section */
		2B0794362BD2B135001BC073 /* StackViewType.swift */ = {isa = PBXFileReference; lastKnownFileType = sourcecode.swift; path = StackViewType.swift; sourceTree = "<group>"; };
		2B0794382BD2B526001BC073 /* PokemonLibraryView.swift */ = {isa = PBXFileReference; lastKnownFileType = sourcecode.swift; path = PokemonLibraryView.swift; sourceTree = "<group>"; };
		2B07943A2BD2B52D001BC073 /* PokemonTierView.swift */ = {isa = PBXFileReference; lastKnownFileType = sourcecode.swift; path = PokemonTierView.swift; sourceTree = "<group>"; };
		2B07943C2BD2B539001BC073 /* PokemonCounterTypeView.swift */ = {isa = PBXFileReference; lastKnownFileType = sourcecode.swift; path = PokemonCounterTypeView.swift; sourceTree = "<group>"; };
		2B07943E2BD2BBCD001BC073 /* PokemonLibraryItem.swift */ = {isa = PBXFileReference; lastKnownFileType = sourcecode.swift; path = PokemonLibraryItem.swift; sourceTree = "<group>"; };
		2B0794432BD521D4001BC073 /* PokemonDetailView.swift */ = {isa = PBXFileReference; lastKnownFileType = sourcecode.swift; path = PokemonDetailView.swift; sourceTree = "<group>"; };
		2B0794492BD8FA72001BC073 /* SearchBar.swift */ = {isa = PBXFileReference; lastKnownFileType = sourcecode.swift; path = SearchBar.swift; sourceTree = "<group>"; };
		2B2B2F6B2BF749D200F53E3C /* Localize.swift */ = {isa = PBXFileReference; lastKnownFileType = sourcecode.swift; path = Localize.swift; sourceTree = "<group>"; };
		2B2B2F702C0488A400F53E3C /* PokemonImageView.swift */ = {isa = PBXFileReference; lastKnownFileType = sourcecode.swift; path = PokemonImageView.swift; sourceTree = "<group>"; };
		2B4D855C2BE65EEB00A8B778 /* BattleLeague.swift */ = {isa = PBXFileReference; lastKnownFileType = sourcecode.swift; path = BattleLeague.swift; sourceTree = "<group>"; };
		2B4D855E2BE6652B00A8B778 /* BattleLeagueType.swift */ = {isa = PBXFileReference; lastKnownFileType = sourcecode.swift; path = BattleLeagueType.swift; sourceTree = "<group>"; };
		2B4D85622BE90D1900A8B778 /* PokemonBattleTierView.swift */ = {isa = PBXFileReference; lastKnownFileType = sourcecode.swift; path = PokemonBattleTierView.swift; sourceTree = "<group>"; };
		2B4D85642BF2475300A8B778 /* SegmentedControlView.swift */ = {isa = PBXFileReference; lastKnownFileType = sourcecode.swift; path = SegmentedControlView.swift; sourceTree = "<group>"; };
		2B57C61D2C42A1EE003BA856 /* PokemonTier.swift */ = {isa = PBXFileReference; lastKnownFileType = sourcecode.swift; path = PokemonTier.swift; sourceTree = "<group>"; };
		2B57C61F2C43F0D7003BA856 /* Info.plist */ = {isa = PBXFileReference; lastKnownFileType = text.plist; path = Info.plist; sourceTree = "<group>"; };
		2BA206BD2BB4508400AA3C2F /* PGoLib.app */ = {isa = PBXFileReference; explicitFileType = wrapper.application; includeInIndex = 0; path = PGoLib.app; sourceTree = BUILT_PRODUCTS_DIR; };
		2BA206C02BB4508400AA3C2F /* PokemonGoLibraryApp.swift */ = {isa = PBXFileReference; lastKnownFileType = sourcecode.swift; path = PokemonGoLibraryApp.swift; sourceTree = "<group>"; };
		2BA206C22BB4508400AA3C2F /* ContentView.swift */ = {isa = PBXFileReference; lastKnownFileType = sourcecode.swift; path = ContentView.swift; sourceTree = "<group>"; };
		2BA206C42BB4508700AA3C2F /* Assets.xcassets */ = {isa = PBXFileReference; lastKnownFileType = folder.assetcatalog; path = Assets.xcassets; sourceTree = "<group>"; };
		2BA206C72BB4508700AA3C2F /* Preview Assets.xcassets */ = {isa = PBXFileReference; lastKnownFileType = folder.assetcatalog; path = "Preview Assets.xcassets"; sourceTree = "<group>"; };
		2BA206CE2BB4509D00AA3C2F /* DataModel.swift */ = {isa = PBXFileReference; lastKnownFileType = sourcecode.swift; path = DataModel.swift; sourceTree = "<group>"; };
		2BA206D02BB4555600AA3C2F /* PokemonGoManager.swift */ = {isa = PBXFileReference; lastKnownFileType = sourcecode.swift; path = PokemonGoManager.swift; sourceTree = "<group>"; };
		2BA206D22BB4684E00AA3C2F /* Pokemon.swift */ = {isa = PBXFileReference; lastKnownFileType = sourcecode.swift; path = Pokemon.swift; sourceTree = "<group>"; };
		2BAE5DC52C0F4B8D007D4B6C /* TypeIcon.swift */ = {isa = PBXFileReference; lastKnownFileType = sourcecode.swift; path = TypeIcon.swift; sourceTree = "<group>"; };
		2BAE5DC72C0F4ED6007D4B6C /* PokemonTypes.swift */ = {isa = PBXFileReference; lastKnownFileType = sourcecode.swift; path = PokemonTypes.swift; sourceTree = "<group>"; };
		2BAE5DCA2C0F518A007D4B6C /* Color.swift */ = {isa = PBXFileReference; lastKnownFileType = sourcecode.swift; path = Color.swift; sourceTree = "<group>"; };
		2BAE5DCC2C0F5B80007D4B6C /* BattleTierCell.swift */ = {isa = PBXFileReference; lastKnownFileType = sourcecode.swift; path = BattleTierCell.swift; sourceTree = "<group>"; };
/* End PBXFileReference section */

/* Begin PBXFrameworksBuildPhase section */
		2BA206BA2BB4508400AA3C2F /* Frameworks */ = {
			isa = PBXFrameworksBuildPhase;
			buildActionMask = 2147483647;
			files = (
				2B0794422BD2BC95001BC073 /* Kingfisher in Frameworks */,
				2B07944D2BDFB08F001BC073 /* SwiftSoup in Frameworks */,
			);
			runOnlyForDeploymentPostprocessing = 0;
		};
/* End PBXFrameworksBuildPhase section */

/* Begin PBXGroup section */
		2B0794452BD525EF001BC073 /* Model */ = {
			isa = PBXGroup;
			children = (
				2B0794362BD2B135001BC073 /* StackViewType.swift */,
				2BA206D22BB4684E00AA3C2F /* Pokemon.swift */,
				2B4D855C2BE65EEB00A8B778 /* BattleLeague.swift */,
				2B4D855E2BE6652B00A8B778 /* BattleLeagueType.swift */,
				2B2B2F6B2BF749D200F53E3C /* Localize.swift */,
				2BAE5DC72C0F4ED6007D4B6C /* PokemonTypes.swift */,
				2B57C61D2C42A1EE003BA856 /* PokemonTier.swift */,
			);
			path = Model;
			sourceTree = "<group>";
		};
		2B0794462BD52617001BC073 /* View */ = {
			isa = PBXGroup;
			children = (
				2BA206C22BB4508400AA3C2F /* ContentView.swift */,
				2BAE5DC42C0F4B7F007D4B6C /* Icons */,
				2B4D85602BE9028400A8B778 /* PokemonLibraryView */,
				2B07943A2BD2B52D001BC073 /* PokemonTierView.swift */,
				2B07943C2BD2B539001BC073 /* PokemonCounterTypeView.swift */,
				2B4D85642BF2475300A8B778 /* SegmentedControlView.swift */,
				2B4D85622BE90D1900A8B778 /* PokemonBattleTierView.swift */,
				2BAE5DCC2C0F5B80007D4B6C /* BattleTierCell.swift */,
				2B2B2F702C0488A400F53E3C /* PokemonImageView.swift */,
			);
			path = View;
			sourceTree = "<group>";
		};
		2B0794472BD52623001BC073 /* ViewModel */ = {
			isa = PBXGroup;
			children = (
				2BA206CE2BB4509D00AA3C2F /* DataModel.swift */,
			);
			path = ViewModel;
			sourceTree = "<group>";
		};
		2B0794482BD52659001BC073 /* Managers */ = {
			isa = PBXGroup;
			children = (
				2BA206D02BB4555600AA3C2F /* PokemonGoManager.swift */,
			);
			path = Managers;
			sourceTree = "<group>";
		};
		2B4D85602BE9028400A8B778 /* PokemonLibraryView */ = {
			isa = PBXGroup;
			children = (
				2B0794382BD2B526001BC073 /* PokemonLibraryView.swift */,
				2B0794492BD8FA72001BC073 /* SearchBar.swift */,
				2B07943E2BD2BBCD001BC073 /* PokemonLibraryItem.swift */,
				2B0794432BD521D4001BC073 /* PokemonDetailView.swift */,
			);
			path = PokemonLibraryView;
			sourceTree = "<group>";
		};
		2BA206B42BB4508400AA3C2F = {
			isa = PBXGroup;
			children = (
				2BA206BF2BB4508400AA3C2F /* PokemonGoLibrary */,
				2BA206BE2BB4508400AA3C2F /* Products */,
			);
			sourceTree = "<group>";
		};
		2BA206BE2BB4508400AA3C2F /* Products */ = {
			isa = PBXGroup;
			children = (
				2BA206BD2BB4508400AA3C2F /* PGoLib.app */,
			);
			name = Products;
			sourceTree = "<group>";
		};
		2BA206BF2BB4508400AA3C2F /* PokemonGoLibrary */ = {
			isa = PBXGroup;
			children = (
				2B57C61F2C43F0D7003BA856 /* Info.plist */,
				2BAE5DC92C0F517F007D4B6C /* Extensions */,
				2BA206C02BB4508400AA3C2F /* PokemonGoLibraryApp.swift */,
				2B0794452BD525EF001BC073 /* Model */,
				2B0794462BD52617001BC073 /* View */,
				2B0794472BD52623001BC073 /* ViewModel */,
				2BA206C42BB4508700AA3C2F /* Assets.xcassets */,
				2B0794482BD52659001BC073 /* Managers */,
				2BA206C62BB4508700AA3C2F /* Preview Content */,
			);
			path = PokemonGoLibrary;
			sourceTree = "<group>";
		};
		2BA206C62BB4508700AA3C2F /* Preview Content */ = {
			isa = PBXGroup;
			children = (
				2BA206C72BB4508700AA3C2F /* Preview Assets.xcassets */,
			);
			path = "Preview Content";
			sourceTree = "<group>";
		};
		2BAE5DC42C0F4B7F007D4B6C /* Icons */ = {
			isa = PBXGroup;
			children = (
				2BAE5DC52C0F4B8D007D4B6C /* TypeIcon.swift */,
			);
			path = Icons;
			sourceTree = "<group>";
		};
		2BAE5DC92C0F517F007D4B6C /* Extensions */ = {
			isa = PBXGroup;
			children = (
				2BAE5DCA2C0F518A007D4B6C /* Color.swift */,
			);
			path = Extensions;
			sourceTree = "<group>";
		};
/* End PBXGroup section */

/* Begin PBXNativeTarget section */
		2BA206BC2BB4508400AA3C2F /* PGoLib */ = {
			isa = PBXNativeTarget;
			buildConfigurationList = 2BA206CB2BB4508700AA3C2F /* Build configuration list for PBXNativeTarget "PGoLib" */;
			buildPhases = (
				2BA206B92BB4508400AA3C2F /* Sources */,
				2BA206BA2BB4508400AA3C2F /* Frameworks */,
				2BA206BB2BB4508400AA3C2F /* Resources */,
			);
			buildRules = (
			);
			dependencies = (
			);
			name = PGoLib;
			packageProductDependencies = (
				2B0794412BD2BC95001BC073 /* Kingfisher */,
				2B07944C2BDFB08F001BC073 /* SwiftSoup */,
			);
			productName = PokemonGoLibrary;
			productReference = 2BA206BD2BB4508400AA3C2F /* PGoLib.app */;
			productType = "com.apple.product-type.application";
		};
/* End PBXNativeTarget section */

/* Begin PBXProject section */
		2BA206B52BB4508400AA3C2F /* Project object */ = {
			isa = PBXProject;
			attributes = {
				BuildIndependentTargetsInParallel = 1;
				LastSwiftUpdateCheck = 1530;
				LastUpgradeCheck = 1530;
				TargetAttributes = {
					2BA206BC2BB4508400AA3C2F = {
						CreatedOnToolsVersion = 15.3;
					};
				};
			};
			buildConfigurationList = 2BA206B82BB4508400AA3C2F /* Build configuration list for PBXProject "PGoLib" */;
			compatibilityVersion = "Xcode 14.0";
			developmentRegion = en;
			hasScannedForEncodings = 0;
			knownRegions = (
				en,
				Base,
			);
			mainGroup = 2BA206B42BB4508400AA3C2F;
			packageReferences = (
				2B0794402BD2BC95001BC073 /* XCRemoteSwiftPackageReference "Kingfisher" */,
				2B07944B2BDFB08F001BC073 /* XCRemoteSwiftPackageReference "SwiftSoup" */,
			);
			productRefGroup = 2BA206BE2BB4508400AA3C2F /* Products */;
			projectDirPath = "";
			projectRoot = "";
			targets = (
				2BA206BC2BB4508400AA3C2F /* PGoLib */,
			);
		};
/* End PBXProject section */

/* Begin PBXResourcesBuildPhase section */
		2BA206BB2BB4508400AA3C2F /* Resources */ = {
			isa = PBXResourcesBuildPhase;
			buildActionMask = 2147483647;
			files = (
				2BA206C82BB4508700AA3C2F /* Preview Assets.xcassets in Resources */,
				2BA206C52BB4508700AA3C2F /* Assets.xcassets in Resources */,
			);
			runOnlyForDeploymentPostprocessing = 0;
		};
/* End PBXResourcesBuildPhase section */

/* Begin PBXSourcesBuildPhase section */
		2BA206B92BB4508400AA3C2F /* Sources */ = {
			isa = PBXSourcesBuildPhase;
			buildActionMask = 2147483647;
			files = (
				2B07943B2BD2B52D001BC073 /* PokemonTierView.swift in Sources */,
				2BA206D32BB4684E00AA3C2F /* Pokemon.swift in Sources */,
				2BAE5DCB2C0F518A007D4B6C /* Color.swift in Sources */,
				2B07943D2BD2B539001BC073 /* PokemonCounterTypeView.swift in Sources */,
				2BA206C32BB4508400AA3C2F /* ContentView.swift in Sources */,
				2B4D855F2BE6652B00A8B778 /* BattleLeagueType.swift in Sources */,
				2BA206C12BB4508400AA3C2F /* PokemonGoLibraryApp.swift in Sources */,
				2B07944A2BD8FA72001BC073 /* SearchBar.swift in Sources */,
				2B0794442BD521D4001BC073 /* PokemonDetailView.swift in Sources */,
				2B0794372BD2B135001BC073 /* StackViewType.swift in Sources */,
				2B4D855D2BE65EEB00A8B778 /* BattleLeague.swift in Sources */,
				2BA206CF2BB4509D00AA3C2F /* DataModel.swift in Sources */,
				2BAE5DC82C0F4ED6007D4B6C /* PokemonTypes.swift in Sources */,
				2B0794392BD2B526001BC073 /* PokemonLibraryView.swift in Sources */,
				2B07943F2BD2BBCD001BC073 /* PokemonLibraryItem.swift in Sources */,
				2B4D85652BF2475300A8B778 /* SegmentedControlView.swift in Sources */,
				2B2B2F712C0488A400F53E3C /* PokemonImageView.swift in Sources */,
				2B57C61E2C42A1EE003BA856 /* PokemonTier.swift in Sources */,
				2B2B2F6C2BF749D200F53E3C /* Localize.swift in Sources */,
				2B4D85632BE90D1900A8B778 /* PokemonBattleTierView.swift in Sources */,
				2BAE5DC62C0F4B8D007D4B6C /* TypeIcon.swift in Sources */,
				2BA206D12BB4555600AA3C2F /* PokemonGoManager.swift in Sources */,
				2BAE5DCD2C0F5B80007D4B6C /* BattleTierCell.swift in Sources */,
			);
			runOnlyForDeploymentPostprocessing = 0;
		};
/* End PBXSourcesBuildPhase section */

/* Begin XCBuildConfiguration section */
		2BA206C92BB4508700AA3C2F /* Debug */ = {
			isa = XCBuildConfiguration;
			buildSettings = {
				ALWAYS_SEARCH_USER_PATHS = NO;
				ASSETCATALOG_COMPILER_GENERATE_SWIFT_ASSET_SYMBOL_EXTENSIONS = YES;
				CLANG_ANALYZER_NONNULL = YES;
				CLANG_ANALYZER_NUMBER_OBJECT_CONVERSION = YES_AGGRESSIVE;
				CLANG_CXX_LANGUAGE_STANDARD = "gnu++20";
				CLANG_ENABLE_MODULES = YES;
				CLANG_ENABLE_OBJC_ARC = YES;
				CLANG_ENABLE_OBJC_WEAK = YES;
				CLANG_WARN_BLOCK_CAPTURE_AUTORELEASING = YES;
				CLANG_WARN_BOOL_CONVERSION = YES;
				CLANG_WARN_COMMA = YES;
				CLANG_WARN_CONSTANT_CONVERSION = YES;
				CLANG_WARN_DEPRECATED_OBJC_IMPLEMENTATIONS = YES;
				CLANG_WARN_DIRECT_OBJC_ISA_USAGE = YES_ERROR;
				CLANG_WARN_DOCUMENTATION_COMMENTS = YES;
				CLANG_WARN_EMPTY_BODY = YES;
				CLANG_WARN_ENUM_CONVERSION = YES;
				CLANG_WARN_INFINITE_RECURSION = YES;
				CLANG_WARN_INT_CONVERSION = YES;
				CLANG_WARN_NON_LITERAL_NULL_CONVERSION = YES;
				CLANG_WARN_OBJC_IMPLICIT_RETAIN_SELF = YES;
				CLANG_WARN_OBJC_LITERAL_CONVERSION = YES;
				CLANG_WARN_OBJC_ROOT_CLASS = YES_ERROR;
				CLANG_WARN_QUOTED_INCLUDE_IN_FRAMEWORK_HEADER = YES;
				CLANG_WARN_RANGE_LOOP_ANALYSIS = YES;
				CLANG_WARN_STRICT_PROTOTYPES = YES;
				CLANG_WARN_SUSPICIOUS_MOVE = YES;
				CLANG_WARN_UNGUARDED_AVAILABILITY = YES_AGGRESSIVE;
				CLANG_WARN_UNREACHABLE_CODE = YES;
				CLANG_WARN__DUPLICATE_METHOD_MATCH = YES;
				COPY_PHASE_STRIP = NO;
				DEBUG_INFORMATION_FORMAT = dwarf;
				ENABLE_STRICT_OBJC_MSGSEND = YES;
				ENABLE_TESTABILITY = YES;
				ENABLE_USER_SCRIPT_SANDBOXING = YES;
				GCC_C_LANGUAGE_STANDARD = gnu17;
				GCC_DYNAMIC_NO_PIC = NO;
				GCC_NO_COMMON_BLOCKS = YES;
				GCC_OPTIMIZATION_LEVEL = 0;
				GCC_PREPROCESSOR_DEFINITIONS = (
					"DEBUG=1",
					"$(inherited)",
				);
				GCC_WARN_64_TO_32_BIT_CONVERSION = YES;
				GCC_WARN_ABOUT_RETURN_TYPE = YES_ERROR;
				GCC_WARN_UNDECLARED_SELECTOR = YES;
				GCC_WARN_UNINITIALIZED_AUTOS = YES_AGGRESSIVE;
				GCC_WARN_UNUSED_FUNCTION = YES;
				GCC_WARN_UNUSED_VARIABLE = YES;
				IPHONEOS_DEPLOYMENT_TARGET = 17.4;
				LOCALIZATION_PREFERS_STRING_CATALOGS = YES;
				MTL_ENABLE_DEBUG_INFO = INCLUDE_SOURCE;
				MTL_FAST_MATH = YES;
				ONLY_ACTIVE_ARCH = YES;
				SDKROOT = iphoneos;
				SWIFT_ACTIVE_COMPILATION_CONDITIONS = "DEBUG $(inherited)";
				SWIFT_OPTIMIZATION_LEVEL = "-Onone";
			};
			name = Debug;
		};
		2BA206CA2BB4508700AA3C2F /* Release */ = {
			isa = XCBuildConfiguration;
			buildSettings = {
				ALWAYS_SEARCH_USER_PATHS = NO;
				ASSETCATALOG_COMPILER_GENERATE_SWIFT_ASSET_SYMBOL_EXTENSIONS = YES;
				CLANG_ANALYZER_NONNULL = YES;
				CLANG_ANALYZER_NUMBER_OBJECT_CONVERSION = YES_AGGRESSIVE;
				CLANG_CXX_LANGUAGE_STANDARD = "gnu++20";
				CLANG_ENABLE_MODULES = YES;
				CLANG_ENABLE_OBJC_ARC = YES;
				CLANG_ENABLE_OBJC_WEAK = YES;
				CLANG_WARN_BLOCK_CAPTURE_AUTORELEASING = YES;
				CLANG_WARN_BOOL_CONVERSION = YES;
				CLANG_WARN_COMMA = YES;
				CLANG_WARN_CONSTANT_CONVERSION = YES;
				CLANG_WARN_DEPRECATED_OBJC_IMPLEMENTATIONS = YES;
				CLANG_WARN_DIRECT_OBJC_ISA_USAGE = YES_ERROR;
				CLANG_WARN_DOCUMENTATION_COMMENTS = YES;
				CLANG_WARN_EMPTY_BODY = YES;
				CLANG_WARN_ENUM_CONVERSION = YES;
				CLANG_WARN_INFINITE_RECURSION = YES;
				CLANG_WARN_INT_CONVERSION = YES;
				CLANG_WARN_NON_LITERAL_NULL_CONVERSION = YES;
				CLANG_WARN_OBJC_IMPLICIT_RETAIN_SELF = YES;
				CLANG_WARN_OBJC_LITERAL_CONVERSION = YES;
				CLANG_WARN_OBJC_ROOT_CLASS = YES_ERROR;
				CLANG_WARN_QUOTED_INCLUDE_IN_FRAMEWORK_HEADER = YES;
				CLANG_WARN_RANGE_LOOP_ANALYSIS = YES;
				CLANG_WARN_STRICT_PROTOTYPES = YES;
				CLANG_WARN_SUSPICIOUS_MOVE = YES;
				CLANG_WARN_UNGUARDED_AVAILABILITY = YES_AGGRESSIVE;
				CLANG_WARN_UNREACHABLE_CODE = YES;
				CLANG_WARN__DUPLICATE_METHOD_MATCH = YES;
				COPY_PHASE_STRIP = NO;
				DEBUG_INFORMATION_FORMAT = "dwarf-with-dsym";
				ENABLE_NS_ASSERTIONS = NO;
				ENABLE_STRICT_OBJC_MSGSEND = YES;
				ENABLE_USER_SCRIPT_SANDBOXING = YES;
				GCC_C_LANGUAGE_STANDARD = gnu17;
				GCC_NO_COMMON_BLOCKS = YES;
				GCC_WARN_64_TO_32_BIT_CONVERSION = YES;
				GCC_WARN_ABOUT_RETURN_TYPE = YES_ERROR;
				GCC_WARN_UNDECLARED_SELECTOR = YES;
				GCC_WARN_UNINITIALIZED_AUTOS = YES_AGGRESSIVE;
				GCC_WARN_UNUSED_FUNCTION = YES;
				GCC_WARN_UNUSED_VARIABLE = YES;
				IPHONEOS_DEPLOYMENT_TARGET = 17.4;
				LOCALIZATION_PREFERS_STRING_CATALOGS = YES;
				MTL_ENABLE_DEBUG_INFO = NO;
				MTL_FAST_MATH = YES;
				SDKROOT = iphoneos;
				SWIFT_COMPILATION_MODE = wholemodule;
				VALIDATE_PRODUCT = YES;
			};
			name = Release;
		};
		2BA206CC2BB4508700AA3C2F /* Debug */ = {
			isa = XCBuildConfiguration;
			buildSettings = {
				ASSETCATALOG_COMPILER_APPICON_NAME = AppIcon;
				ASSETCATALOG_COMPILER_GLOBAL_ACCENT_COLOR_NAME = AccentColor;
				CODE_SIGN_STYLE = Automatic;
				CURRENT_PROJECT_VERSION = 1;
				DEVELOPMENT_ASSET_PATHS = "\"PokemonGoLibrary/Preview Content\"";
				DEVELOPMENT_TEAM = 3U5BLMHQ3F;
				ENABLE_PREVIEWS = YES;
				GENERATE_INFOPLIST_FILE = YES;
				INFOPLIST_FILE = PokemonGoLibrary/Info.plist;
				INFOPLIST_KEY_UIApplicationSceneManifest_Generation = YES;
				INFOPLIST_KEY_UIApplicationSupportsIndirectInputEvents = YES;
				INFOPLIST_KEY_UILaunchScreen_Generation = YES;
				INFOPLIST_KEY_UISupportedInterfaceOrientations_iPad = "UIInterfaceOrientationPortrait UIInterfaceOrientationPortraitUpsideDown UIInterfaceOrientationLandscapeLeft UIInterfaceOrientationLandscapeRight";
				INFOPLIST_KEY_UISupportedInterfaceOrientations_iPhone = "UIInterfaceOrientationPortrait UIInterfaceOrientationLandscapeLeft UIInterfaceOrientationLandscapeRight";
				INFOPLIST_KEY_UIUserInterfaceStyle = Light;
				LD_RUNPATH_SEARCH_PATHS = (
					"$(inherited)",
					"@executable_path/Frameworks",
				);
				MARKETING_VERSION = 1.0;
				PRODUCT_BUNDLE_IDENTIFIER = class.PokemonGoLibrary;
				PRODUCT_NAME = "$(TARGET_NAME)";
				SWIFT_EMIT_LOC_STRINGS = YES;
				SWIFT_VERSION = 5.0;
				TARGETED_DEVICE_FAMILY = "1,2";
			};
			name = Debug;
		};
		2BA206CD2BB4508700AA3C2F /* Release */ = {
			isa = XCBuildConfiguration;
			buildSettings = {
				ASSETCATALOG_COMPILER_APPICON_NAME = AppIcon;
				ASSETCATALOG_COMPILER_GLOBAL_ACCENT_COLOR_NAME = AccentColor;
				CODE_SIGN_STYLE = Automatic;
				CURRENT_PROJECT_VERSION = 1;
				DEVELOPMENT_ASSET_PATHS = "\"PokemonGoLibrary/Preview Content\"";
				DEVELOPMENT_TEAM = 3U5BLMHQ3F;
				ENABLE_PREVIEWS = YES;
				GENERATE_INFOPLIST_FILE = YES;
				INFOPLIST_FILE = PokemonGoLibrary/Info.plist;
				INFOPLIST_KEY_UIApplicationSceneManifest_Generation = YES;
				INFOPLIST_KEY_UIApplicationSupportsIndirectInputEvents = YES;
				INFOPLIST_KEY_UILaunchScreen_Generation = YES;
				INFOPLIST_KEY_UISupportedInterfaceOrientations_iPad = "UIInterfaceOrientationPortrait UIInterfaceOrientationPortraitUpsideDown UIInterfaceOrientationLandscapeLeft UIInterfaceOrientationLandscapeRight";
				INFOPLIST_KEY_UISupportedInterfaceOrientations_iPhone = "UIInterfaceOrientationPortrait UIInterfaceOrientationLandscapeLeft UIInterfaceOrientationLandscapeRight";
				INFOPLIST_KEY_UIUserInterfaceStyle = Light;
				LD_RUNPATH_SEARCH_PATHS = (
					"$(inherited)",
					"@executable_path/Frameworks",
				);
				MARKETING_VERSION = 1.0;
				PRODUCT_BUNDLE_IDENTIFIER = class.PokemonGoLibrary;
				PRODUCT_NAME = "$(TARGET_NAME)";
				SWIFT_EMIT_LOC_STRINGS = YES;
				SWIFT_VERSION = 5.0;
				TARGETED_DEVICE_FAMILY = "1,2";
			};
			name = Release;
		};
/* End XCBuildConfiguration section */

/* Begin XCConfigurationList section */
		2BA206B82BB4508400AA3C2F /* Build configuration list for PBXProject "PGoLib" */ = {
			isa = XCConfigurationList;
			buildConfigurations = (
				2BA206C92BB4508700AA3C2F /* Debug */,
				2BA206CA2BB4508700AA3C2F /* Release */,
			);
			defaultConfigurationIsVisible = 0;
			defaultConfigurationName = Release;
		};
		2BA206CB2BB4508700AA3C2F /* Build configuration list for PBXNativeTarget "PGoLib" */ = {
			isa = XCConfigurationList;
			buildConfigurations = (
				2BA206CC2BB4508700AA3C2F /* Debug */,
				2BA206CD2BB4508700AA3C2F /* Release */,
			);
			defaultConfigurationIsVisible = 0;
			defaultConfigurationName = Release;
		};
/* End XCConfigurationList section */

/* Begin XCRemoteSwiftPackageReference section */
		2B0794402BD2BC95001BC073 /* XCRemoteSwiftPackageReference "Kingfisher" */ = {
			isa = XCRemoteSwiftPackageReference;
			repositoryURL = "https://github.com/onevcat/Kingfisher.git";
			requirement = {
				kind = upToNextMajorVersion;
				minimumVersion = 7.11.0;
			};
		};
		2B07944B2BDFB08F001BC073 /* XCRemoteSwiftPackageReference "SwiftSoup" */ = {
			isa = XCRemoteSwiftPackageReference;
			repositoryURL = "https://github.com/scinfu/SwiftSoup";
			requirement = {
				kind = upToNextMajorVersion;
				minimumVersion = 2.7.2;
			};
		};
/* End XCRemoteSwiftPackageReference section */

/* Begin XCSwiftPackageProductDependency section */
		2B0794412BD2BC95001BC073 /* Kingfisher */ = {
			isa = XCSwiftPackageProductDependency;
			package = 2B0794402BD2BC95001BC073 /* XCRemoteSwiftPackageReference "Kingfisher" */;
			productName = Kingfisher;
		};
		2B07944C2BDFB08F001BC073 /* SwiftSoup */ = {
			isa = XCSwiftPackageProductDependency;
			package = 2B07944B2BDFB08F001BC073 /* XCRemoteSwiftPackageReference "SwiftSoup" */;
			productName = SwiftSoup;
		};
/* End XCSwiftPackageProductDependency section */
	};
	rootObject = 2BA206B52BB4508400AA3C2F /* Project object */;
}
